
Microsoft Visual Studio Solution File, Format Version 12.00
# Visual Studio Version 17
VisualStudioVersion = 17.9.34728.123
MinimumVisualStudioVersion = 10.0.40219.1
Project("{FAE04EC0-301F-11D3-BF4B-00C04F79EFBC}") = "PokedexWeb", "PokedexWeb\PokedexWeb.csproj", "{A038594F-5A99-41D7-9131-08C3AB55C414}"
EndProject
Global
	GlobalSection(SolutionConfigurationPlatforms) = preSolution
		Debug|Any CPU = Debug|Any CPU
		Release|Any CPU = Release|Any CPU
	EndGlobalSection
	GlobalSection(ProjectConfigurationPlatforms) = postSolution
		{A038594F-5A99-41D7-9131-08C3AB55C414}.Debug|Any CPU.ActiveCfg = Debug|Any CPU
		{A038594F-5A99-41D7-9131-08C3AB55C414}.Debug|Any CPU.Build.0 = Debug|Any CPU
		{A038594F-5A99-41D7-9131-08C3AB55C414}.Release|Any CPU.ActiveCfg = Release|Any CPU
		{A038594F-5A99-41D7-9131-08C3AB55C414}.Release|Any CPU.Build.0 = Release|Any CPU
	EndGlobalSection
	GlobalSection(SolutionProperties) = preSolution
		HideSolutionNode = FALSE
	EndGlobalSection
	GlobalSection(ExtensibilityGlobals) = postSolution
		SolutionGuid = {48B8F6D4-ADE9-44A5-A529-63B5BE741F74}
	EndGlobalSection
EndGlobal
